<?xml version="1.0" encoding="utf-8"?>
<Project ToolsVersion="4.0" xmlns="http://schemas.microsoft.com/developer/msbuild/2003">
  <ItemGroup>
    <Filter Include="소스 파일">
      <UniqueIdentifier>{4FC737F1-C7A5-4376-A066-2A32D752A2FF}</UniqueIdentifier>
      <Extensions>cpp;c;cc;cxx;c++;cppm;ixx;def;odl;idl;hpj;bat;asm;asmx</Extensions>
    </Filter>
    <Filter Include="헤더 파일">
      <UniqueIdentifier>{93995380-89BD-4b04-88EB-625FBE52EBFB}</UniqueIdentifier>
      <Extensions>h;hh;hpp;hxx;h++;hm;inl;inc;ipp;xsd</Extensions>
    </Filter>
    <Filter Include="리소스 파일">
      <UniqueIdentifier>{67DA6AB6-F800-4c08-8B7A-83BB121AAD01}</UniqueIdentifier>
      <Extensions>rc;ico;cur;bmp;dlg;rc2;rct;bin;rgs;gif;jpg;jpeg;jpe;resx;tiff;tif;png;wav;mfcribbon-ms</Extensions>
    </Filter>
  </ItemGroup>
  <ItemGroup>
    <ClCompile Include="1. PoketmonSurvival.cpp">
      <Filter>소스 파일</Filter>
    </ClCompile>
    <ClCompile Include="Map.cpp">
      <Filter>소스 파일</Filter>
    </ClCompile>
    <ClCompile Include="Monsters.cpp">
      <Filter>소스 파일</Filter>
    </ClCompile>
    <ClCompile Include="StageUI.cpp">
      <Filter>소스 파일</Filter>
    </ClCompile>
    <ClCompile Include="Player.cpp">
      <Filter>소스 파일</Filter>
    </ClCompile>
    <ClCompile Include="Skill.cpp">
      <Filter>소스 파일</Filter>
    </ClCompile>
    <ClCompile Include="Boss.cpp">
      <Filter>소스 파일</Filter>
    </ClCompile>
  </ItemGroup>
  <ItemGroup>
    <ClInclude Include="Map.h">
      <Filter>헤더 파일</Filter>
    </ClInclude>
    <ClInclude Include="StageUI.h">
      <Filter>헤더 파일</Filter>
    </ClInclude>
    <ClInclude Include="resource1.h">
      <Filter>헤더 파일</Filter>
    </ClInclude>
    <ClInclude Include="Player.h">
      <Filter>헤더 파일</Filter>
    </ClInclude>
    <ClInclude Include="Monsters.h">
      <Filter>헤더 파일</Filter>
    </ClInclude>
    <ClInclude Include="Skill.h">
      <Filter>헤더 파일</Filter>
    </ClInclude>
    <ClInclude Include="Boss.h">
      <Filter>헤더 파일</Filter>
    </ClInclude>
  </ItemGroup>
  <ItemGroup>
    <ResourceCompile Include="Resource.rc">
      <Filter>리소스 파일</Filter>
    </ResourceCompile>
  </ItemGroup>
  <ItemGroup>
    <Image Include="map_bitmap\ps_map1.bmp">
      <Filter>리소스 파일</Filter>
    </Image>
    <Image Include="monsters_bitmap\Gyarados_Back1.bmp">
      <Filter>리소스 파일</Filter>
    </Image>
    <Image Include="monsters_bitmap\Gyarados_Back2.bmp">
      <Filter>리소스 파일</Filter>
    </Image>
    <Image Include="monsters_bitmap\Gyarados_Back3.bmp">
      <Filter>리소스 파일</Filter>
    </Image>
    <Image Include="monsters_bitmap\Gyarados_front1.bmp">
      <Filter>리소스 파일</Filter>
    </Image>
    <Image Include="monsters_bitmap\Gyarados_front2.bmp">
      <Filter>리소스 파일</Filter>
    </Image>
    <Image Include="monsters_bitmap\Gyarados_front3.bmp">
      <Filter>리소스 파일</Filter>
    </Image>
    <Image Include="monsters_bitmap\Gyarados_Left1.bmp">
      <Filter>리소스 파일</Filter>
    </Image>
    <Image Include="monsters_bitmap\Gyarados_Left2.bmp">
      <Filter>리소스 파일</Filter>
    </Image>
    <Image Include="monsters_bitmap\Gyarados_Left3.bmp">
      <Filter>리소스 파일</Filter>
    </Image>
    <Image Include="monsters_bitmap\Gyarados_Right1.bmp">
      <Filter>리소스 파일</Filter>
    </Image>
    <Image Include="monsters_bitmap\Gyarados_Right2.bmp">
      <Filter>리소스 파일</Filter>
    </Image>
    <Image Include="monsters_bitmap\Gyarados_Right3.bmp">
      <Filter>리소스 파일</Filter>
    </Image>
    <Image Include="Player_Bitmap\1_back1.bmp">
      <Filter>리소스 파일</Filter>
    </Image>
    <Image Include="Player_Bitmap\1_back2.bmp">
      <Filter>리소스 파일</Filter>
    </Image>
    <Image Include="Player_Bitmap\1_front1.bmp">
      <Filter>리소스 파일</Filter>
    </Image>
    <Image Include="Player_Bitmap\1_front2.bmp">
      <Filter>리소스 파일</Filter>
    </Image>
    <Image Include="Player_Bitmap\1_left1.bmp">
      <Filter>리소스 파일</Filter>
    </Image>
    <Image Include="Player_Bitmap\1_left2.bmp">
      <Filter>리소스 파일</Filter>
    </Image>
    <Image Include="Player_Bitmap\1_right1.bmp">
      <Filter>리소스 파일</Filter>
    </Image>
    <Image Include="Player_Bitmap\1_right2.bmp">
      <Filter>리소스 파일</Filter>
    </Image>
    <Image Include="map_bitmap\ps_wall0.bmp">
      <Filter>리소스 파일</Filter>
    </Image>
    <Image Include="map_bitmap\ps_wall1.bmp">
      <Filter>리소스 파일</Filter>
    </Image>
    <Image Include="map_bitmap\ps_wall2.bmp">
      <Filter>리소스 파일</Filter>
    </Image>
    <Image Include="monsters_bitmap\Longstone_back1.bmp">
      <Filter>리소스 파일</Filter>
    </Image>
    <Image Include="monsters_bitmap\Longstone_back2.bmp">
      <Filter>리소스 파일</Filter>
    </Image>
    <Image Include="monsters_bitmap\Longstone_back3.bmp">
      <Filter>리소스 파일</Filter>
    </Image>
    <Image Include="monsters_bitmap\Longstone_front1.bmp">
      <Filter>리소스 파일</Filter>
    </Image>
    <Image Include="monsters_bitmap\Longstone_front2.bmp">
      <Filter>리소스 파일</Filter>
    </Image>
    <Image Include="monsters_bitmap\Longstone_front3.bmp">
      <Filter>리소스 파일</Filter>
    </Image>
    <Image Include="monsters_bitmap\Longstone_left1.bmp">
      <Filter>리소스 파일</Filter>
    </Image>
    <Image Include="monsters_bitmap\Longstone_left2.bmp">
      <Filter>리소스 파일</Filter>
    </Image>
    <Image Include="monsters_bitmap\Longstone_left3.bmp">
      <Filter>리소스 파일</Filter>
    </Image>
    <Image Include="monsters_bitmap\Longstone_right1.bmp">
      <Filter>리소스 파일</Filter>
    </Image>
    <Image Include="monsters_bitmap\Longstone_right2.bmp">
      <Filter>리소스 파일</Filter>
    </Image>
    <Image Include="monsters_bitmap\Longstone_right3.bmp">
      <Filter>리소스 파일</Filter>
    </Image>
    <Image Include="monsters_bitmap\Steelstone_back1.bmp">
      <Filter>리소스 파일</Filter>
    </Image>
    <Image Include="monsters_bitmap\Steelstone_back2.bmp">
      <Filter>리소스 파일</Filter>
    </Image>
    <Image Include="monsters_bitmap\Steelstone_back3.bmp">
      <Filter>리소스 파일</Filter>
    </Image>
    <Image Include="monsters_bitmap\Steelstone_front1.bmp">
      <Filter>리소스 파일</Filter>
    </Image>
    <Image Include="monsters_bitmap\Steelstone_front2.bmp">
      <Filter>리소스 파일</Filter>
    </Image>
    <Image Include="monsters_bitmap\Steelstone_front3.bmp">
      <Filter>리소스 파일</Filter>
    </Image>
    <Image Include="monsters_bitmap\Steelstone_left1.bmp">
      <Filter>리소스 파일</Filter>
    </Image>
    <Image Include="monsters_bitmap\Steelstone_left2.bmp">
      <Filter>리소스 파일</Filter>
    </Image>
    <Image Include="monsters_bitmap\Steelstone_left3.bmp">
      <Filter>리소스 파일</Filter>
    </Image>
    <Image Include="monsters_bitmap\Steelstone_right1.bmp">
      <Filter>리소스 파일</Filter>
    </Image>
    <Image Include="monsters_bitmap\Steelstone_right2.bmp">
      <Filter>리소스 파일</Filter>
    </Image>
    <Image Include="monsters_bitmap\Steelstone_right3.bmp">
      <Filter>리소스 파일</Filter>
    </Image>
    <Image Include="map_bitmap\ps_watermap0.bmp">
      <Filter>리소스 파일</Filter>
    </Image>
    <Image Include="map_bitmap\ps_firemap0.bmp">
      <Filter>리소스 파일</Filter>
    </Image>
    <Image Include="map_bitmap\ps_waterwall0.bmp">
      <Filter>리소스 파일</Filter>
    </Image>
    <Image Include="map_bitmap\ps_waterwall1.bmp">
      <Filter>리소스 파일</Filter>
    </Image>
    <Image Include="map_bitmap\ps_waterwall2.bmp">
      <Filter>리소스 파일</Filter>
    </Image>
    <Image Include="map_bitmap\ps_waterwall3.bmp">
      <Filter>리소스 파일</Filter>
    </Image>
    <Image Include="map_bitmap\ps_waterwall4.bmp">
      <Filter>리소스 파일</Filter>
    </Image>
    <Image Include="map_bitmap\ps_watermap5.bmp">
      <Filter>리소스 파일</Filter>
    </Image>
    <Image Include="map_bitmap\PauseBitmap.bmp">
      <Filter>리소스 파일</Filter>
    </Image>
    <Image Include="Intro_Bitmap\poketmon_company_logo.bmp">
      <Filter>리소스 파일</Filter>
    </Image>
    <Image Include="Intro_Bitmap\s1.bmp">
      <Filter>리소스 파일</Filter>
    </Image>
    <Image Include="Intro_Bitmap\s2.bmp">
      <Filter>리소스 파일</Filter>
    </Image>
    <Image Include="Intro_Bitmap\s3.bmp">
      <Filter>리소스 파일</Filter>
    </Image>
    <Image Include="Intro_Bitmap\s4.bmp">
      <Filter>리소스 파일</Filter>
    </Image>
    <Image Include="Intro_Bitmap\s5.bmp">
      <Filter>리소스 파일</Filter>
    </Image>
    <Image Include="Intro_Bitmap\s6.bmp">
      <Filter>리소스 파일</Filter>
    </Image>
    <Image Include="Intro_Bitmap\s7.bmp">
      <Filter>리소스 파일</Filter>
    </Image>
    <Image Include="Intro_Bitmap\s8.bmp">
      <Filter>리소스 파일</Filter>
    </Image>
    <Image Include="Intro_Bitmap\s9.bmp">
      <Filter>리소스 파일</Filter>
    </Image>
    <Image Include="Intro_Bitmap\s10.bmp">
      <Filter>리소스 파일</Filter>
    </Image>
    <Image Include="Intro_Bitmap\s11.bmp">
      <Filter>리소스 파일</Filter>
    </Image>
    <Image Include="Intro_Bitmap\s12.bmp">
      <Filter>리소스 파일</Filter>
    </Image>
    <Image Include="Intro_Bitmap\s13.bmp">
      <Filter>리소스 파일</Filter>
    </Image>
    <Image Include="Intro_Bitmap\s14.bmp">
      <Filter>리소스 파일</Filter>
    </Image>
    <Image Include="Intro_Bitmap\s15.bmp">
      <Filter>리소스 파일</Filter>
    </Image>
    <Image Include="Intro_Bitmap\s16.bmp">
      <Filter>리소스 파일</Filter>
    </Image>
    <Image Include="Intro_Bitmap\s17.bmp">
      <Filter>리소스 파일</Filter>
    </Image>
    <Image Include="Intro_Bitmap\startImage.bmp">
      <Filter>리소스 파일</Filter>
    </Image>
    <Image Include="Player_Bitmap\charmander.back1.bmp">
      <Filter>리소스 파일</Filter>
    </Image>
    <Image Include="Player_Bitmap\charmander.back2.bmp">
      <Filter>리소스 파일</Filter>
    </Image>
    <Image Include="Player_Bitmap\charmander.front1.bmp">
      <Filter>리소스 파일</Filter>
    </Image>
    <Image Include="Player_Bitmap\charmander.front2.bmp">
      <Filter>리소스 파일</Filter>
    </Image>
    <Image Include="Player_Bitmap\charmander.left1.bmp">
      <Filter>리소스 파일</Filter>
    </Image>
    <Image Include="Player_Bitmap\charmander.left2.bmp">
      <Filter>리소스 파일</Filter>
    </Image>
    <Image Include="Player_Bitmap\charmander.right1.bmp">
      <Filter>리소스 파일</Filter>
    </Image>
    <Image Include="Player_Bitmap\charmander.right2.bmp">
      <Filter>리소스 파일</Filter>
    </Image>
    <Image Include="Player_Bitmap\squirtle.back1.bmp">
      <Filter>리소스 파일</Filter>
    </Image>
    <Image Include="Player_Bitmap\squirtle.back2.bmp">
      <Filter>리소스 파일</Filter>
    </Image>
    <Image Include="Player_Bitmap\squirtle.front1.bmp">
      <Filter>리소스 파일</Filter>
    </Image>
    <Image Include="Player_Bitmap\squirtle.front2.bmp">
      <Filter>리소스 파일</Filter>
    </Image>
    <Image Include="Player_Bitmap\squirtle.left1.bmp">
      <Filter>리소스 파일</Filter>
    </Image>
    <Image Include="Player_Bitmap\squirtle.left2.bmp">
      <Filter>리소스 파일</Filter>
    </Image>
    <Image Include="Player_Bitmap\squirtle.right1.bmp">
      <Filter>리소스 파일</Filter>
    </Image>
    <Image Include="Player_Bitmap\squirtle.right2.bmp">
      <Filter>리소스 파일</Filter>
    </Image>
    <Image Include="Intro_Bitmap\starting_select.bmp">
      <Filter>리소스 파일</Filter>
    </Image>
    <Image Include="Intro_Bitmap\bulbasaur.profile1.bmp">
      <Filter>리소스 파일</Filter>
    </Image>
    <Image Include="Intro_Bitmap\bulbasaur.profile2.bmp">
      <Filter>리소스 파일</Filter>
    </Image>
    <Image Include="Intro_Bitmap\charmander.profile1.bmp">
      <Filter>리소스 파일</Filter>
    </Image>
    <Image Include="Intro_Bitmap\charmander.profile2.bmp">
      <Filter>리소스 파일</Filter>
    </Image>
    <Image Include="Intro_Bitmap\squirtle.profile1.bmp">
      <Filter>리소스 파일</Filter>
    </Image>
    <Image Include="Intro_Bitmap\squirtle.profile2.bmp">
      <Filter>리소스 파일</Filter>
    </Image>
    <Image Include="map_bitmap\play-button.bmp">
      <Filter>리소스 파일</Filter>
    </Image>
    <Image Include="map_bitmap\play-button-select.bmp">
      <Filter>리소스 파일</Filter>
    </Image>
    <Image Include="map_bitmap\power-button.bmp">
      <Filter>리소스 파일</Filter>
    </Image>
    <Image Include="map_bitmap\power-button-selected.bmp">
      <Filter>리소스 파일</Filter>
    </Image>
    <Image Include="map_bitmap\restart-button.bmp">
      <Filter>리소스 파일</Filter>
    </Image>
    <Image Include="map_bitmap\restart-button-selected.bmp">
      <Filter>리소스 파일</Filter>
    </Image>
    <Image Include="map_bitmap\play-button-select2.bmp">
      <Filter>리소스 파일</Filter>
    </Image>
    <Image Include="map_bitmap\UI_background.bmp">
      <Filter>리소스 파일</Filter>
    </Image>
    <Image Include="monsters_bitmap\m.Cascoon.bmp">
      <Filter>리소스 파일</Filter>
    </Image>
    <Image Include="skill_bitmap\water_attack1.bmp">
      <Filter>리소스 파일</Filter>
    </Image>
    <Image Include="skill_bitmap\water_attack2.bmp">
      <Filter>리소스 파일</Filter>
    </Image>
    <Image Include="skill_bitmap\water_attack3.bmp">
      <Filter>리소스 파일</Filter>
    </Image>
    <Image Include="skill_bitmap\water_attack4.bmp">
      <Filter>리소스 파일</Filter>
    </Image>
    <Image Include="map_bitmap\miniMap.bmp">
      <Filter>리소스 파일</Filter>
    </Image>
    <Image Include="monsters_bitmap\ghost_back1.bmp">
      <Filter>리소스 파일</Filter>
    </Image>
    <Image Include="monsters_bitmap\ghost_back2.bmp">
      <Filter>리소스 파일</Filter>
    </Image>
    <Image Include="monsters_bitmap\ghost_front1.bmp">
      <Filter>리소스 파일</Filter>
    </Image>
    <Image Include="monsters_bitmap\ghost_front2.bmp">
      <Filter>리소스 파일</Filter>
    </Image>
    <Image Include="monsters_bitmap\ghost_left1.bmp">
      <Filter>리소스 파일</Filter>
    </Image>
    <Image Include="monsters_bitmap\ghost_left2.bmp">
      <Filter>리소스 파일</Filter>
    </Image>
    <Image Include="monsters_bitmap\ghost_right1.bmp">
      <Filter>리소스 파일</Filter>
    </Image>
    <Image Include="monsters_bitmap\ghost_right2.bmp">
      <Filter>리소스 파일</Filter>
    </Image>
    <Image Include="monsters_bitmap\ghoust_back1.bmp">
      <Filter>리소스 파일</Filter>
    </Image>
    <Image Include="monsters_bitmap\ghoust_back2.bmp">
      <Filter>리소스 파일</Filter>
    </Image>
    <Image Include="monsters_bitmap\ghoust_front1.bmp">
      <Filter>리소스 파일</Filter>
    </Image>
    <Image Include="monsters_bitmap\ghoust_front2.bmp">
      <Filter>리소스 파일</Filter>
    </Image>
    <Image Include="monsters_bitmap\ghoust_left1.bmp">
      <Filter>리소스 파일</Filter>
    </Image>
    <Image Include="monsters_bitmap\ghoust_left2.bmp">
      <Filter>리소스 파일</Filter>
    </Image>
    <Image Include="monsters_bitmap\ghoust_right1.bmp">
      <Filter>리소스 파일</Filter>
    </Image>
    <Image Include="monsters_bitmap\ghoust_right2.bmp">
      <Filter>리소스 파일</Filter>
    </Image>
    <Image Include="monsters_bitmap\phantom_back1.bmp">
      <Filter>리소스 파일</Filter>
    </Image>
    <Image Include="monsters_bitmap\phantom_back2.bmp">
      <Filter>리소스 파일</Filter>
    </Image>
    <Image Include="monsters_bitmap\phantom_front1.bmp">
      <Filter>리소스 파일</Filter>
    </Image>
    <Image Include="monsters_bitmap\phantom_front2.bmp">
      <Filter>리소스 파일</Filter>
    </Image>
    <Image Include="monsters_bitmap\phantom_left1.bmp">
      <Filter>리소스 파일</Filter>
    </Image>
    <Image Include="monsters_bitmap\phantom_left2.bmp">
      <Filter>리소스 파일</Filter>
    </Image>
    <Image Include="monsters_bitmap\phantom_right1.bmp">
      <Filter>리소스 파일</Filter>
    </Image>
    <Image Include="monsters_bitmap\phantom_right2.bmp">
      <Filter>리소스 파일</Filter>
    </Image>
    <Image Include="Player_Bitmap\Exp1.bmp">
      <Filter>리소스 파일</Filter>
    </Image>
    <Image Include="Player_Bitmap\Exp2.bmp">
      <Filter>리소스 파일</Filter>
    </Image>
    <Image Include="Player_Bitmap\blastoise_back1.bmp">
      <Filter>리소스 파일</Filter>
    </Image>
    <Image Include="Player_Bitmap\blastoise_back2.bmp">
      <Filter>리소스 파일</Filter>
    </Image>
    <Image Include="Player_Bitmap\blastoise_front1.bmp">
      <Filter>리소스 파일</Filter>
    </Image>
    <Image Include="Player_Bitmap\blastoise_front2.bmp">
      <Filter>리소스 파일</Filter>
    </Image>
    <Image Include="Player_Bitmap\blastoise_left1.bmp">
      <Filter>리소스 파일</Filter>
    </Image>
    <Image Include="Player_Bitmap\blastoise_left2.bmp">
      <Filter>리소스 파일</Filter>
    </Image>
    <Image Include="Player_Bitmap\blastoise_right1.bmp">
      <Filter>리소스 파일</Filter>
    </Image>
    <Image Include="Player_Bitmap\blastoise_right2.bmp">
      <Filter>리소스 파일</Filter>
    </Image>
    <Image Include="Player_Bitmap\charizard_back1.bmp">
      <Filter>리소스 파일</Filter>
    </Image>
    <Image Include="Player_Bitmap\charizard_back2.bmp">
      <Filter>리소스 파일</Filter>
    </Image>
    <Image Include="Player_Bitmap\charizard_front1.bmp">
      <Filter>리소스 파일</Filter>
    </Image>
    <Image Include="Player_Bitmap\charizard_front2.bmp">
      <Filter>리소스 파일</Filter>
    </Image>
    <Image Include="Player_Bitmap\charizard_left1.bmp">
      <Filter>리소스 파일</Filter>
    </Image>
    <Image Include="Player_Bitmap\charizard_left2.bmp">
      <Filter>리소스 파일</Filter>
    </Image>
    <Image Include="Player_Bitmap\charizard_right1.bmp">
      <Filter>리소스 파일</Filter>
    </Image>
    <Image Include="Player_Bitmap\charizard_right2.bmp">
      <Filter>리소스 파일</Filter>
    </Image>
    <Image Include="Player_Bitmap\charmeleon_back1.bmp">
      <Filter>리소스 파일</Filter>
    </Image>
    <Image Include="Player_Bitmap\charmeleon_back2.bmp">
      <Filter>리소스 파일</Filter>
    </Image>
    <Image Include="Player_Bitmap\charmeleon_front1.bmp">
      <Filter>리소스 파일</Filter>
    </Image>
    <Image Include="Player_Bitmap\charmeleon_front2.bmp">
      <Filter>리소스 파일</Filter>
    </Image>
    <Image Include="Player_Bitmap\charmeleon_left1.bmp">
      <Filter>리소스 파일</Filter>
    </Image>
    <Image Include="Player_Bitmap\charmeleon_left2.bmp">
      <Filter>리소스 파일</Filter>
    </Image>
    <Image Include="Player_Bitmap\charmeleon_right1.bmp">
      <Filter>리소스 파일</Filter>
    </Image>
    <Image Include="Player_Bitmap\charmeleon_right2.bmp">
      <Filter>리소스 파일</Filter>
    </Image>
    <Image Include="Player_Bitmap\ivysaur_back1.bmp">
      <Filter>리소스 파일</Filter>
    </Image>
    <Image Include="Player_Bitmap\ivysaur_back2.bmp">
      <Filter>리소스 파일</Filter>
    </Image>
    <Image Include="Player_Bitmap\ivysaur_front1.bmp">
      <Filter>리소스 파일</Filter>
    </Image>
    <Image Include="Player_Bitmap\ivysaur_front2.bmp">
      <Filter>리소스 파일</Filter>
    </Image>
    <Image Include="Player_Bitmap\ivysaur_left1.bmp">
      <Filter>리소스 파일</Filter>
    </Image>
    <Image Include="Player_Bitmap\ivysaur_left2.bmp">
      <Filter>리소스 파일</Filter>
    </Image>
    <Image Include="Player_Bitmap\ivysaur_right1.bmp">
      <Filter>리소스 파일</Filter>
    </Image>
    <Image Include="Player_Bitmap\ivysaur_right2.bmp">
      <Filter>리소스 파일</Filter>
    </Image>
    <Image Include="Player_Bitmap\venusaur_back1.bmp">
      <Filter>리소스 파일</Filter>
    </Image>
    <Image Include="Player_Bitmap\venusaur_back2.bmp">
      <Filter>리소스 파일</Filter>
    </Image>
    <Image Include="Player_Bitmap\venusaur_front1.bmp">
      <Filter>리소스 파일</Filter>
    </Image>
    <Image Include="Player_Bitmap\venusaur_front2.bmp">
      <Filter>리소스 파일</Filter>
    </Image>
    <Image Include="Player_Bitmap\venusaur_left1.bmp">
      <Filter>리소스 파일</Filter>
    </Image>
    <Image Include="Player_Bitmap\venusaur_left2.bmp">
      <Filter>리소스 파일</Filter>
    </Image>
    <Image Include="Player_Bitmap\venusaur_right1.bmp">
      <Filter>리소스 파일</Filter>
    </Image>
    <Image Include="Player_Bitmap\venusaur_right2.bmp">
      <Filter>리소스 파일</Filter>
    </Image>
    <Image Include="Player_Bitmap\wartortle_back1.bmp">
      <Filter>리소스 파일</Filter>
    </Image>
    <Image Include="Player_Bitmap\wartortle_back2.bmp">
      <Filter>리소스 파일</Filter>
    </Image>
    <Image Include="Player_Bitmap\wartortle_front1.bmp">
      <Filter>리소스 파일</Filter>
    </Image>
    <Image Include="Player_Bitmap\wartortle_front2.bmp">
      <Filter>리소스 파일</Filter>
    </Image>
    <Image Include="Player_Bitmap\wartortle_left1.bmp">
      <Filter>리소스 파일</Filter>
    </Image>
    <Image Include="Player_Bitmap\wartortle_left2.bmp">
      <Filter>리소스 파일</Filter>
    </Image>
    <Image Include="Player_Bitmap\wartortle_right1.bmp">
      <Filter>리소스 파일</Filter>
    </Image>
    <Image Include="Player_Bitmap\wartortle_right2.bmp">
      <Filter>리소스 파일</Filter>
    </Image>
    <Image Include="upgrade_bitmap\증강화면.bmp">
      <Filter>리소스 파일</Filter>
    </Image>
    <Image Include="upgrade_bitmap\상처약1.bmp">
      <Filter>리소스 파일</Filter>
    </Image>
    <Image Include="upgrade_bitmap\상처약2.bmp">
      <Filter>리소스 파일</Filter>
    </Image>
    <Image Include="upgrade_bitmap\상처약3.bmp">
      <Filter>리소스 파일</Filter>
    </Image>
    <Image Include="upgrade_bitmap\bomb.bmp">
      <Filter>리소스 파일</Filter>
    </Image>
    <Image Include="upgrade_bitmap\expBoost.bmp">
      <Filter>리소스 파일</Filter>
    </Image>
    <Image Include="upgrade_bitmap\plusPower.bmp">
      <Filter>리소스 파일</Filter>
    </Image>
    <Image Include="upgrade_bitmap\진화의 돌.bmp">
      <Filter>리소스 파일</Filter>
    </Image>
    <Image Include="upgrade_bitmap\tonadoK.bmp">
      <Filter>리소스 파일</Filter>
    </Image>
    <Image Include="monsters_bitmap\boss1.bmp">
      <Filter>리소스 파일</Filter>
    </Image>
    <Image Include="monsters_bitmap\boss2.bmp">
      <Filter>리소스 파일</Filter>
    </Image>
    <Image Include="skill_bitmap\aura1.bmp">
      <Filter>리소스 파일</Filter>
    </Image>
    <Image Include="skill_bitmap\aura2.bmp">
      <Filter>리소스 파일</Filter>
    </Image>
    <Image Include="skill_bitmap\aura3.bmp">
      <Filter>리소스 파일</Filter>
    </Image>
    <Image Include="skill_bitmap\aura4.bmp">
      <Filter>리소스 파일</Filter>
    </Image>
  </ItemGroup>
</Project>